
Microsoft Visual Studio Solution File, Format Version 12.00
# Visual Studio 14
VisualStudioVersion = 14.0.25414.0
MinimumVisualStudioVersion = 10.0.40219.1
Project("{FAE04EC0-301F-11D3-BF4B-00C04F79EFBC}") = "StreamJsonRpc", "StreamJsonRpc\StreamJsonRpc.csproj", "{DFBD1BCA-EAE0-4454-9E97-FA9BD9A0F03A}"
EndProject
Project("{FAE04EC0-301F-11D3-BF4B-00C04F79EFBC}") = "StreamJsonRpc.Tests", "StreamJsonRpc.Tests\StreamJsonRpc.Tests.csproj", "{8BF355B2-E3B0-4615-BFC1-7563EADC4F8B}"
EndProject
Project("{FAE04EC0-301F-11D3-BF4B-00C04F79EFBC}") = "StreamJsonRpc.Desktop", "StreamJsonRpc.Desktop\StreamJsonRpc.Desktop.csproj", "{C8FE34FA-B409-4A57-A16F-4407AF728C65}"
EndProject
Project("{FF286327-C783-4F7A-AB73-9BCBAD0D4460}") = "StreamJsonRpc.NuGet", "StreamJsonRpc.NuGet\StreamJsonRpc.NuGet.nuproj", "{927450A5-18BF-4378-8421-7A7C6864B6EA}"
EndProject
Project("{D954291E-2A0B-460D-934E-DC6B0785DB48}") = "StreamJsonRpc.Shared", "StreamJsonRpc.Shared\StreamJsonRpc.Shared.shproj", "{DF6B6DC7-7C77-42F2-84CB-E520B2771375}"
EndProject
Project("{2150E333-8FDC-42A3-9474-1A3956D46DE8}") = "Solution Items", "Solution Items", "{68DDB820-140B-4178-B030-3E47C460376B}"
	ProjectSection(SolutionItems) = preProject
		..\init.ps1 = ..\init.ps1
		nuget.config = nuget.config
		version.json = version.json
	EndProjectSection
EndProject
Global
	GlobalSection(SharedMSBuildProjectFiles) = preSolution
		StreamJsonRpc.Shared\StreamJsonRpc.Shared.projitems*{c8fe34fa-b409-4a57-a16f-4407af728c65}*SharedItemsImports = 4
		StreamJsonRpc.Shared\StreamJsonRpc.Shared.projitems*{df6b6dc7-7c77-42f2-84cb-e520b2771375}*SharedItemsImports = 13
		StreamJsonRpc.Shared\StreamJsonRpc.Shared.projitems*{dfbd1bca-eae0-4454-9e97-fa9bd9a0f03a}*SharedItemsImports = 4
	EndGlobalSection
	GlobalSection(SolutionConfigurationPlatforms) = preSolution
		Debug|Any CPU = Debug|Any CPU
		Release|Any CPU = Release|Any CPU
	EndGlobalSection
	GlobalSection(ProjectConfigurationPlatforms) = postSolution
		{DFBD1BCA-EAE0-4454-9E97-FA9BD9A0F03A}.Debug|Any CPU.ActiveCfg = Debug|Any CPU
		{DFBD1BCA-EAE0-4454-9E97-FA9BD9A0F03A}.Debug|Any CPU.Build.0 = Debug|Any CPU
		{DFBD1BCA-EAE0-4454-9E97-FA9BD9A0F03A}.Release|Any CPU.ActiveCfg = Release|Any CPU
		{DFBD1BCA-EAE0-4454-9E97-FA9BD9A0F03A}.Release|Any CPU.Build.0 = Release|Any CPU
		{8BF355B2-E3B0-4615-BFC1-7563EADC4F8B}.Debug|Any CPU.ActiveCfg = Debug|Any CPU
		{8BF355B2-E3B0-4615-BFC1-7563EADC4F8B}.Debug|Any CPU.Build.0 = Debug|Any CPU
		{8BF355B2-E3B0-4615-BFC1-7563EADC4F8B}.Release|Any CPU.ActiveCfg = Release|Any CPU
		{8BF355B2-E3B0-4615-BFC1-7563EADC4F8B}.Release|Any CPU.Build.0 = Release|Any CPU
		{C8FE34FA-B409-4A57-A16F-4407AF728C65}.Debug|Any CPU.ActiveCfg = Debug|Any CPU
		{C8FE34FA-B409-4A57-A16F-4407AF728C65}.Debug|Any CPU.Build.0 = Debug|Any CPU
		{C8FE34FA-B409-4A57-A16F-4407AF728C65}.Release|Any CPU.ActiveCfg = Release|Any CPU
		{C8FE34FA-B409-4A57-A16F-4407AF728C65}.Release|Any CPU.Build.0 = Release|Any CPU
		{927450A5-18BF-4378-8421-7A7C6864B6EA}.Debug|Any CPU.ActiveCfg = Debug|Any CPU
		{927450A5-18BF-4378-8421-7A7C6864B6EA}.Debug|Any CPU.Build.0 = Debug|Any CPU
		{927450A5-18BF-4378-8421-7A7C6864B6EA}.Release|Any CPU.ActiveCfg = Release|Any CPU
		{927450A5-18BF-4378-8421-7A7C6864B6EA}.Release|Any CPU.Build.0 = Release|Any CPU
	EndGlobalSection
	GlobalSection(SolutionProperties) = preSolution
		HideSolutionNode = FALSE
	EndGlobalSection
EndGlobal
